
Microsoft Visual Studio Solution File, Format Version 12.00
Project("{FAE04EC0-301F-11D3-BF4B-00C04F79EFBC}") = "MatchmakingServer", "MatchmakingServer\MatchmakingServer.csproj", "{EE0DE207-FF59-4403-B355-8BAAF2253E5E}"
EndProject
Project("{FAE04EC0-301F-11D3-BF4B-00C04F79EFBC}") = "SharedLibrary", "SharedLibrary\SharedLibrary.csproj", "{8AF27AB9-A89E-4757-AFC6-F313C244ACBE}"
EndProject
Global
	GlobalSection(SolutionConfigurationPlatforms) = preSolution
		Debug|Any CPU = Debug|Any CPU
		Release|Any CPU = Release|Any CPU
	EndGlobalSection
	GlobalSection(ProjectConfigurationPlatforms) = postSolution
		{EE0DE207-FF59-4403-B355-8BAAF2253E5E}.Debug|Any CPU.ActiveCfg = Debug|Any CPU
		{EE0DE207-FF59-4403-B355-8BAAF2253E5E}.Debug|Any CPU.Build.0 = Debug|Any CPU
		{EE0DE207-FF59-4403-B355-8BAAF2253E5E}.Release|Any CPU.ActiveCfg = Release|Any CPU
		{EE0DE207-FF59-4403-B355-8BAAF2253E5E}.Release|Any CPU.Build.0 = Release|Any CPU
		{8AF27AB9-A89E-4757-AFC6-F313C244ACBE}.Debug|Any CPU.ActiveCfg = Debug|Any CPU
		{8AF27AB9-A89E-4757-AFC6-F313C244ACBE}.Debug|Any CPU.Build.0 = Debug|Any CPU
		{8AF27AB9-A89E-4757-AFC6-F313C244ACBE}.Release|Any CPU.ActiveCfg = Release|Any CPU
		{8AF27AB9-A89E-4757-AFC6-F313C244ACBE}.Release|Any CPU.Build.0 = Release|Any CPU
	EndGlobalSection
EndGlobal
